
Microsoft Visual Studio Solution File, Format Version 12.00
# Visual Studio 15
VisualStudioVersion = 15.0.26730.15
MinimumVisualStudioVersion = 10.0.40219.1
Project("{FAE04EC0-301F-11D3-BF4B-00C04F79EFBC}") = "ConsoleApp13", "ConsoleApp13\ConsoleApp13.csproj", "{912C1B15-B4F9-4C4D-9A1E-825363D9C5EA}"
EndProject
Global
	GlobalSection(SolutionConfigurationPlatforms) = preSolution
		Debug|Any CPU = Debug|Any CPU
		Release|Any CPU = Release|Any CPU
	EndGlobalSection
	GlobalSection(ProjectConfigurationPlatforms) = postSolution
		{912C1B15-B4F9-4C4D-9A1E-825363D9C5EA}.Debug|Any CPU.ActiveCfg = Debug|Any CPU
		{912C1B15-B4F9-4C4D-9A1E-825363D9C5EA}.Debug|Any CPU.Build.0 = Debug|Any CPU
		{912C1B15-B4F9-4C4D-9A1E-825363D9C5EA}.Release|Any CPU.ActiveCfg = Release|Any CPU
		{912C1B15-B4F9-4C4D-9A1E-825363D9C5EA}.Release|Any CPU.Build.0 = Release|Any CPU
	EndGlobalSection
	GlobalSection(SolutionProperties) = preSolution
		HideSolutionNode = FALSE
	EndGlobalSection
	GlobalSection(ExtensibilityGlobals) = postSolution
		SolutionGuid = {E4F26BCC-A2E8-4FAD-AB43-F59497F0D890}
	EndGlobalSection
EndGlobal
